{
  "name": "Cursive",
  "lockfileVersion": 3,
  "requires": true,
  "packages": {
    "": {
      "devDependencies": {
        "@ataraxy-labs/sem": "^0.3.20"
      }
    },
    "node_modules/@ataraxy-labs/sem": {
      "version": "0.3.20",
      "resolved": "https://registry.npmjs.org/@ataraxy-labs/sem/-/sem-0.3.20.tgz",
      "integrity": "sha512-0ZgkF3CL2yOKwNXR1oqMQSU/2NJOQ0OTwGS/UbFLT9Abpw9BK4L/hf/ovtFzOjgDtdP9kScCXgdgcvPKRcfYmQ==",
      "dev": true,
      "hasInstallScript": true,
      "license": "MIT OR Apache-2.0",
      "bin": {
        "sem": "bin/sem.js"
      },
      "engines": {
        "node": ">=20"
      }
    }
  }
}
